
Microsoft Visual Studio Solution File, Format Version 10.00
# Visual Studio 2008
Project("{8BC9CEB8-8B4A-11D0-8D11-00A0C91BC942}") = "async", "ActiveX\async.vcproj", "{14064287-7F34-43C6-B03E-0879ECF3282D}"
EndProject
Project("{8BC9CEB8-8B4A-11D0-8D11-00A0C91BC942}") = "npcodeproject", "NPAPI\npruntime.vcproj", "{74E22B79-4635-477B-9D04-54D6D44EF288}"
EndProject
Project("{2150E333-8FDC-42A3-9474-1A3956D46DE8}") = "Solution Items", "Solution Items", "{B89B5FD9-DEF0-49F5-A013-5C1CCF08FE59}"
	ProjectSection(SolutionItems) = preProject
		run.htm = run.htm
	EndProjectSection
EndProject
Project("{8BC9CEB8-8B4A-11D0-8D11-00A0C91BC942}") = "Executable", "Executable\Executable.vcproj", "{5C26D3BA-AE8E-43A1-B058-D30F5D6C9051}"
EndProject
Global
	GlobalSection(SolutionConfigurationPlatforms) = preSolution
		Debug|Win32 = Debug|Win32
		Release|Win32 = Release|Win32
	EndGlobalSection
	GlobalSection(ProjectConfigurationPlatforms) = postSolution
		{14064287-7F34-43C6-B03E-0879ECF3282D}.Debug|Win32.ActiveCfg = Debug|Win32
		{14064287-7F34-43C6-B03E-0879ECF3282D}.Debug|Win32.Build.0 = Debug|Win32
		{14064287-7F34-43C6-B03E-0879ECF3282D}.Release|Win32.ActiveCfg = Release|Win32
		{14064287-7F34-43C6-B03E-0879ECF3282D}.Release|Win32.Build.0 = Release|Win32
		{74E22B79-4635-477B-9D04-54D6D44EF288}.Debug|Win32.ActiveCfg = Debug|Win32
		{74E22B79-4635-477B-9D04-54D6D44EF288}.Debug|Win32.Build.0 = Debug|Win32
		{74E22B79-4635-477B-9D04-54D6D44EF288}.Release|Win32.ActiveCfg = Release|Win32
		{74E22B79-4635-477B-9D04-54D6D44EF288}.Release|Win32.Build.0 = Release|Win32
		{5C26D3BA-AE8E-43A1-B058-D30F5D6C9051}.Debug|Win32.ActiveCfg = Debug|Win32
		{5C26D3BA-AE8E-43A1-B058-D30F5D6C9051}.Debug|Win32.Build.0 = Debug|Win32
		{5C26D3BA-AE8E-43A1-B058-D30F5D6C9051}.Release|Win32.ActiveCfg = Release|Win32
		{5C26D3BA-AE8E-43A1-B058-D30F5D6C9051}.Release|Win32.Build.0 = Release|Win32
	EndGlobalSection
	GlobalSection(SolutionProperties) = preSolution
		HideSolutionNode = FALSE
	EndGlobalSection
EndGlobal
