Microsoft Visual Studio Solution File, Format Version 10.00
# Visual Studio 2008
Project("{8BC9CEB8-8B4A-11D0-8D11-00A0C91BC942}") = "scoexp", "scoexp.vcproj", "{AF032513-D916-4474-8465-D0AE31EEC542}"
EndProject
Global
	GlobalSection(SolutionConfigurationPlatforms) = preSolution
		Debug|Win32 = Debug|Win32
		Hybrid|Win32 = Hybrid|Win32
		Release|Win32 = Release|Win32
	EndGlobalSection
	GlobalSection(ProjectConfigurationPlatforms) = postSolution
		{AF032513-D916-4474-8465-D0AE31EEC542}.Debug|Win32.ActiveCfg = Debug|Win32
		{AF032513-D916-4474-8465-D0AE31EEC542}.Debug|Win32.Build.0 = Debug|Win32
		{AF032513-D916-4474-8465-D0AE31EEC542}.Hybrid|Win32.ActiveCfg = Hybrid|Win32
		{AF032513-D916-4474-8465-D0AE31EEC542}.Hybrid|Win32.Build.0 = Hybrid|Win32
		{AF032513-D916-4474-8465-D0AE31EEC542}.Release|Win32.ActiveCfg = Hybrid|Win32
		{AF032513-D916-4474-8465-D0AE31EEC542}.Release|Win32.Build.0 = Hybrid|Win32
	EndGlobalSection
	GlobalSection(SolutionProperties) = preSolution
		HideSolutionNode = FALSE
	EndGlobalSection
EndGlobal
